// !$*UTF8*$!
{
	archiveVersion = 1;
	classes = {
	};
	objectVersion = 46;
	objects = {

/* Begin PBXBuildFile section */
		EB74811C1BCDC77D00752EE4 /* main.swift in Sources */ = {isa = PBXBuildFile; fileRef = EB74811B1BCDC77D00752EE4 /* main.swift */; };
		EB7481241BCDC9A700752EE4 /* README.md in Sources */ = {isa = PBXBuildFile; fileRef = EB7481231BCDC9A700752EE4 /* README.md */; settings = {ASSET_TAGS = (); }; };
		EB74813A1BCDCD2D00752EE4 /* KataStringCalculatorSwiftUnitTests.swift in Sources */ = {isa = PBXBuildFile; fileRef = EB7481391BCDCD2D00752EE4 /* KataStringCalculatorSwiftUnitTests.swift */; };
		EB7481461BCDD06700752EE4 /* StringCalculator.swift in Sources */ = {isa = PBXBuildFile; fileRef = EB7481451BCDD06700752EE4 /* StringCalculator.swift */; settings = {ASSET_TAGS = (); }; };
		EB7481471BCDD09B00752EE4 /* StringCalculator.swift in Sources */ = {isa = PBXBuildFile; fileRef = EB7481451BCDD06700752EE4 /* StringCalculator.swift */; settings = {ASSET_TAGS = (); }; };
		EBAEF1741BD24C7B00CE6787 /* extensions.swift in Sources */ = {isa = PBXBuildFile; fileRef = EBAEF1731BD24C7B00CE6787 /* extensions.swift */; settings = {ASSET_TAGS = (); }; };
		EBAEF1751BD24CE500CE6787 /* extensions.swift in Sources */ = {isa = PBXBuildFile; fileRef = EBAEF1731BD24C7B00CE6787 /* extensions.swift */; settings = {ASSET_TAGS = (); }; };
		EBAEF1781BD25DB800CE6787 /* InvalidInputError.swift in Sources */ = {isa = PBXBuildFile; fileRef = EBAEF1771BD25DB800CE6787 /* InvalidInputError.swift */; settings = {ASSET_TAGS = (); }; };
		EBAEF1791BD25DB800CE6787 /* InvalidInputError.swift in Sources */ = {isa = PBXBuildFile; fileRef = EBAEF1771BD25DB800CE6787 /* InvalidInputError.swift */; settings = {ASSET_TAGS = (); }; };
		EBE92E0C1BD240040059671E /* NumberExtractor.swift in Sources */ = {isa = PBXBuildFile; fileRef = EBE92E0B1BD240040059671E /* NumberExtractor.swift */; settings = {ASSET_TAGS = (); }; };
		EBE92E0D1BD240040059671E /* NumberExtractor.swift in Sources */ = {isa = PBXBuildFile; fileRef = EBE92E0B1BD240040059671E /* NumberExtractor.swift */; settings = {ASSET_TAGS = (); }; };
/* End PBXBuildFile section */

/* Begin PBXCopyFilesBuildPhase section */
		EB7481161BCDC77D00752EE4 /* CopyFiles */ = {
			isa = PBXCopyFilesBuildPhase;
			buildActionMask = 2147483647;
			dstPath = /usr/share/man/man1/;
			dstSubfolderSpec = 0;
			files = (
			);
			runOnlyForDeploymentPostprocessing = 1;
		};
/* End PBXCopyFilesBuildPhase section */

/* Begin PBXFileReference section */
		EB7481181BCDC77D00752EE4 /* KataStringCalculatorSwift */ = {isa = PBXFileReference; explicitFileType = "compiled.mach-o.executable"; includeInIndex = 0; path = KataStringCalculatorSwift; sourceTree = BUILT_PRODUCTS_DIR; };
		EB74811B1BCDC77D00752EE4 /* main.swift */ = {isa = PBXFileReference; lastKnownFileType = sourcecode.swift; path = main.swift; sourceTree = "<group>"; };
		EB7481221BCDC96F00752EE4 /* .gitignore */ = {isa = PBXFileReference; fileEncoding = 4; lastKnownFileType = text; path = .gitignore; sourceTree = "<group>"; };
		EB7481231BCDC9A700752EE4 /* README.md */ = {isa = PBXFileReference; fileEncoding = 4; lastKnownFileType = net.daringfireball.markdown; path = README.md; sourceTree = "<group>"; };
		EB7481251BCDCBE400752EE4 /* LICENSE.txt */ = {isa = PBXFileReference; fileEncoding = 4; lastKnownFileType = text; path = LICENSE.txt; sourceTree = "<group>"; };
		EB7481261BCDCC3C00752EE4 /* .travis.yml */ = {isa = PBXFileReference; fileEncoding = 4; lastKnownFileType = text; path = .travis.yml; sourceTree = "<group>"; };
		EB7481371BCDCD2D00752EE4 /* KataStringCalculatorSwiftUnitTests.xctest */ = {isa = PBXFileReference; explicitFileType = wrapper.cfbundle; includeInIndex = 0; path = KataStringCalculatorSwiftUnitTests.xctest; sourceTree = BUILT_PRODUCTS_DIR; };
		EB7481391BCDCD2D00752EE4 /* KataStringCalculatorSwiftUnitTests.swift */ = {isa = PBXFileReference; lastKnownFileType = sourcecode.swift; path = KataStringCalculatorSwiftUnitTests.swift; sourceTree = "<group>"; };
		EB74813B1BCDCD2D00752EE4 /* Info.plist */ = {isa = PBXFileReference; lastKnownFileType = text.plist.xml; path = Info.plist; sourceTree = "<group>"; };
		EB7481451BCDD06700752EE4 /* StringCalculator.swift */ = {isa = PBXFileReference; fileEncoding = 4; lastKnownFileType = sourcecode.swift; path = StringCalculator.swift; sourceTree = "<group>"; };
		EBAEF1731BD24C7B00CE6787 /* extensions.swift */ = {isa = PBXFileReference; fileEncoding = 4; lastKnownFileType = sourcecode.swift; path = extensions.swift; sourceTree = "<group>"; };
		EBAEF1771BD25DB800CE6787 /* InvalidInputError.swift */ = {isa = PBXFileReference; fileEncoding = 4; lastKnownFileType = sourcecode.swift; path = InvalidInputError.swift; sourceTree = "<group>"; };
		EBE92E0B1BD240040059671E /* NumberExtractor.swift */ = {isa = PBXFileReference; fileEncoding = 4; lastKnownFileType = sourcecode.swift; path = NumberExtractor.swift; sourceTree = "<group>"; };
/* End PBXFileReference section */

/* Begin PBXFrameworksBuildPhase section */
		EB7481151BCDC77D00752EE4 /* Frameworks */ = {
			isa = PBXFrameworksBuildPhase;
			buildActionMask = 2147483647;
			files = (
			);
			runOnlyForDeploymentPostprocessing = 0;
		};
		EB7481341BCDCD2D00752EE4 /* Frameworks */ = {
			isa = PBXFrameworksBuildPhase;
			buildActionMask = 2147483647;
			files = (
			);
			runOnlyForDeploymentPostprocessing = 0;
		};
/* End PBXFrameworksBuildPhase section */

/* Begin PBXGroup section */
		EB74810F1BCDC77D00752EE4 = {
			isa = PBXGroup;
			children = (
				EB7481261BCDCC3C00752EE4 /* .travis.yml */,
				EB7481251BCDCBE400752EE4 /* LICENSE.txt */,
				EB7481231BCDC9A700752EE4 /* README.md */,
				EB7481221BCDC96F00752EE4 /* .gitignore */,
				EB74811A1BCDC77D00752EE4 /* KataStringCalculatorSwift */,
				EB7481381BCDCD2D00752EE4 /* KataStringCalculatorSwiftUnitTests */,
				EB7481191BCDC77D00752EE4 /* Products */,
			);
			sourceTree = "<group>";
		};
		EB7481191BCDC77D00752EE4 /* Products */ = {
			isa = PBXGroup;
			children = (
				EB7481181BCDC77D00752EE4 /* KataStringCalculatorSwift */,
				EB7481371BCDCD2D00752EE4 /* KataStringCalculatorSwiftUnitTests.xctest */,
			);
			name = Products;
			sourceTree = "<group>";
		};
		EB74811A1BCDC77D00752EE4 /* KataStringCalculatorSwift */ = {
			isa = PBXGroup;
			children = (
				EBAEF1761BD25D8700CE6787 /* Errors */,
				EBAEF1721BD24C6D00CE6787 /* Extensions */,
				EB74811B1BCDC77D00752EE4 /* main.swift */,
				EB7481451BCDD06700752EE4 /* StringCalculator.swift */,
				EBE92E0B1BD240040059671E /* NumberExtractor.swift */,
			);
			path = KataStringCalculatorSwift;
			sourceTree = "<group>";
		};
		EB7481381BCDCD2D00752EE4 /* KataStringCalculatorSwiftUnitTests */ = {
			isa = PBXGroup;
			children = (
				EB7481391BCDCD2D00752EE4 /* KataStringCalculatorSwiftUnitTests.swift */,
				EB74813B1BCDCD2D00752EE4 /* Info.plist */,
			);
			path = KataStringCalculatorSwiftUnitTests;
			sourceTree = "<group>";
		};
		EBAEF1721BD24C6D00CE6787 /* Extensions */ = {
			isa = PBXGroup;
			children = (
				EBAEF1731BD24C7B00CE6787 /* extensions.swift */,
			);
			name = Extensions;
			sourceTree = "<group>";
		};
		EBAEF1761BD25D8700CE6787 /* Errors */ = {
			isa = PBXGroup;
			children = (
				EBAEF1771BD25DB800CE6787 /* InvalidInputError.swift */,
			);
			name = Errors;
			sourceTree = "<group>";
		};
/* End PBXGroup section */

/* Begin PBXNativeTarget section */
		EB7481171BCDC77D00752EE4 /* KataStringCalculatorSwift */ = {
			isa = PBXNativeTarget;
			buildConfigurationList = EB74811F1BCDC77D00752EE4 /* Build configuration list for PBXNativeTarget "KataStringCalculatorSwift" */;
			buildPhases = (
				EB7481141BCDC77D00752EE4 /* Sources */,
				EB7481151BCDC77D00752EE4 /* Frameworks */,
				EB7481161BCDC77D00752EE4 /* CopyFiles */,
			);
			buildRules = (
			);
			dependencies = (
			);
			name = KataStringCalculatorSwift;
			productName = KataStringCalculatorSwift;
			productReference = EB7481181BCDC77D00752EE4 /* KataStringCalculatorSwift */;
			productType = "com.apple.product-type.tool";
		};
		EB7481361BCDCD2D00752EE4 /* KataStringCalculatorSwiftUnitTests */ = {
			isa = PBXNativeTarget;
			buildConfigurationList = EB74813E1BCDCD2D00752EE4 /* Build configuration list for PBXNativeTarget "KataStringCalculatorSwiftUnitTests" */;
			buildPhases = (
				EB7481331BCDCD2D00752EE4 /* Sources */,
				EB7481341BCDCD2D00752EE4 /* Frameworks */,
				EB7481351BCDCD2D00752EE4 /* Resources */,
			);
			buildRules = (
			);
			dependencies = (
			);
			name = KataStringCalculatorSwiftUnitTests;
			productName = KataStringCalculatorSwiftUnitTests;
			productReference = EB7481371BCDCD2D00752EE4 /* KataStringCalculatorSwiftUnitTests.xctest */;
			productType = "com.apple.product-type.bundle.unit-test";
		};
/* End PBXNativeTarget section */

/* Begin PBXProject section */
		EB7481101BCDC77D00752EE4 /* Project object */ = {
			isa = PBXProject;
			attributes = {
				LastUpgradeCheck = 0700;
				ORGANIZATIONNAME = "Pedro Vicente Gómez Sánchez";
				TargetAttributes = {
					EB7481171BCDC77D00752EE4 = {
						CreatedOnToolsVersion = 7.0.1;
					};
					EB7481361BCDCD2D00752EE4 = {
						CreatedOnToolsVersion = 7.0.1;
					};
				};
			};
			buildConfigurationList = EB7481131BCDC77D00752EE4 /* Build configuration list for PBXProject "KataStringCalculatorSwift" */;
			compatibilityVersion = "Xcode 3.2";
			developmentRegion = English;
			hasScannedForEncodings = 0;
			knownRegions = (
				en,
			);
			mainGroup = EB74810F1BCDC77D00752EE4;
			productRefGroup = EB7481191BCDC77D00752EE4 /* Products */;
			projectDirPath = "";
			projectRoot = "";
			targets = (
				EB7481171BCDC77D00752EE4 /* KataStringCalculatorSwift */,
				EB7481361BCDCD2D00752EE4 /* KataStringCalculatorSwiftUnitTests */,
			);
		};
/* End PBXProject section */

/* Begin PBXResourcesBuildPhase section */
		EB7481351BCDCD2D00752EE4 /* Resources */ = {
			isa = PBXResourcesBuildPhase;
			buildActionMask = 2147483647;
			files = (
			);
			runOnlyForDeploymentPostprocessing = 0;
		};
/* End PBXResourcesBuildPhase section */

/* Begin PBXSourcesBuildPhase section */
		EB7481141BCDC77D00752EE4 /* Sources */ = {
			isa = PBXSourcesBuildPhase;
			buildActionMask = 2147483647;
			files = (
				EBAEF1781BD25DB800CE6787 /* InvalidInputError.swift in Sources */,
				EBAEF1741BD24C7B00CE6787 /* extensions.swift in Sources */,
				EB7481461BCDD06700752EE4 /* StringCalculator.swift in Sources */,
				EBE92E0C1BD240040059671E /* NumberExtractor.swift in Sources */,
				EB7481241BCDC9A700752EE4 /* README.md in Sources */,
				EB74811C1BCDC77D00752EE4 /* main.swift in Sources */,
			);
			runOnlyForDeploymentPostprocessing = 0;
		};
		EB7481331BCDCD2D00752EE4 /* Sources */ = {
			isa = PBXSourcesBuildPhase;
			buildActionMask = 2147483647;
			files = (
				EB7481471BCDD09B00752EE4 /* StringCalculator.swift in Sources */,
				EB74813A1BCDCD2D00752EE4 /* KataStringCalculatorSwiftUnitTests.swift in Sources */,
				EBE92E0D1BD240040059671E /* NumberExtractor.swift in Sources */,
				EBAEF1791BD25DB800CE6787 /* InvalidInputError.swift in Sources */,
				EBAEF1751BD24CE500CE6787 /* extensions.swift in Sources */,
			);
			runOnlyForDeploymentPostprocessing = 0;
		};
/* End PBXSourcesBuildPhase section */

/* Begin XCBuildConfiguration section */
		EB74811D1BCDC77D00752EE4 /* Debug */ = {
			isa = XCBuildConfiguration;
			buildSettings = {
				ALWAYS_SEARCH_USER_PATHS = NO;
				CLANG_CXX_LANGUAGE_STANDARD = "gnu++0x";
				CLANG_CXX_LIBRARY = "libc++";
				CLANG_ENABLE_MODULES = YES;
				CLANG_ENABLE_OBJC_ARC = YES;
				CLANG_WARN_BOOL_CONVERSION = YES;
				CLANG_WARN_CONSTANT_CONVERSION = YES;
				CLANG_WARN_DIRECT_OBJC_ISA_USAGE = YES_ERROR;
				CLANG_WARN_EMPTY_BODY = YES;
				CLANG_WARN_ENUM_CONVERSION = YES;
				CLANG_WARN_INT_CONVERSION = YES;
				CLANG_WARN_OBJC_ROOT_CLASS = YES_ERROR;
				CLANG_WARN_UNREACHABLE_CODE = YES;
				CLANG_WARN__DUPLICATE_METHOD_MATCH = YES;
				COPY_PHASE_STRIP = NO;
				DEBUG_INFORMATION_FORMAT = dwarf;
				ENABLE_STRICT_OBJC_MSGSEND = YES;
				ENABLE_TESTABILITY = YES;
				GCC_C_LANGUAGE_STANDARD = gnu99;
				GCC_DYNAMIC_NO_PIC = NO;
				GCC_NO_COMMON_BLOCKS = YES;
				GCC_OPTIMIZATION_LEVEL = 0;
				GCC_PREPROCESSOR_DEFINITIONS = (
					"DEBUG=1",
					"$(inherited)",
				);
				GCC_WARN_64_TO_32_BIT_CONVERSION = YES;
				GCC_WARN_ABOUT_RETURN_TYPE = YES_ERROR;
				GCC_WARN_UNDECLARED_SELECTOR = YES;
				GCC_WARN_UNINITIALIZED_AUTOS = YES_AGGRESSIVE;
				GCC_WARN_UNUSED_FUNCTION = YES;
				GCC_WARN_UNUSED_VARIABLE = YES;
				MACOSX_DEPLOYMENT_TARGET = 10.10;
				MTL_ENABLE_DEBUG_INFO = YES;
				ONLY_ACTIVE_ARCH = YES;
				SDKROOT = macosx;
				SWIFT_OPTIMIZATION_LEVEL = "-Onone";
			};
			name = Debug;
		};
		EB74811E1BCDC77D00752EE4 /* Release */ = {
			isa = XCBuildConfiguration;
			buildSettings = {
				ALWAYS_SEARCH_USER_PATHS = NO;
				CLANG_CXX_LANGUAGE_STANDARD = "gnu++0x";
				CLANG_CXX_LIBRARY = "libc++";
				CLANG_ENABLE_MODULES = YES;
				CLANG_ENABLE_OBJC_ARC = YES;
				CLANG_WARN_BOOL_CONVERSION = YES;
				CLANG_WARN_CONSTANT_CONVERSION = YES;
				CLANG_WARN_DIRECT_OBJC_ISA_USAGE = YES_ERROR;
				CLANG_WARN_EMPTY_BODY = YES;
				CLANG_WARN_ENUM_CONVERSION = YES;
				CLANG_WARN_INT_CONVERSION = YES;
				CLANG_WARN_OBJC_ROOT_CLASS = YES_ERROR;
				CLANG_WARN_UNREACHABLE_CODE = YES;
				CLANG_WARN__DUPLICATE_METHOD_MATCH = YES;
				COPY_PHASE_STRIP = NO;
				DEBUG_INFORMATION_FORMAT = "dwarf-with-dsym";
				ENABLE_NS_ASSERTIONS = NO;
				ENABLE_STRICT_OBJC_MSGSEND = YES;
				GCC_C_LANGUAGE_STANDARD = gnu99;
				GCC_NO_COMMON_BLOCKS = YES;
				GCC_WARN_64_TO_32_BIT_CONVERSION = YES;
				GCC_WARN_ABOUT_RETURN_TYPE = YES_ERROR;
				GCC_WARN_UNDECLARED_SELECTOR = YES;
				GCC_WARN_UNINITIALIZED_AUTOS = YES_AGGRESSIVE;
				GCC_WARN_UNUSED_FUNCTION = YES;
				GCC_WARN_UNUSED_VARIABLE = YES;
				MACOSX_DEPLOYMENT_TARGET = 10.10;
				MTL_ENABLE_DEBUG_INFO = NO;
				SDKROOT = macosx;
			};
			name = Release;
		};
		EB7481201BCDC77D00752EE4 /* Debug */ = {
			isa = XCBuildConfiguration;
			buildSettings = {
				CODE_SIGN_IDENTITY = "Mac Developer";
				PRODUCT_NAME = "$(TARGET_NAME)";
			};
			name = Debug;
		};
		EB7481211BCDC77D00752EE4 /* Release */ = {
			isa = XCBuildConfiguration;
			buildSettings = {
				CODE_SIGN_IDENTITY = "Mac Developer";
				PRODUCT_NAME = "$(TARGET_NAME)";
			};
			name = Release;
		};
		EB74813C1BCDCD2D00752EE4 /* Debug */ = {
			isa = XCBuildConfiguration;
			buildSettings = {
				INFOPLIST_FILE = KataStringCalculatorSwiftUnitTests/Info.plist;
				IPHONEOS_DEPLOYMENT_TARGET = 9.0;
				LD_RUNPATH_SEARCH_PATHS = "$(inherited) @executable_path/Frameworks @loader_path/Frameworks";
				PRODUCT_BUNDLE_IDENTIFIER = com.github.pedrovgs.KataStringCalculatorSwiftUnitTests;
				PRODUCT_NAME = "$(TARGET_NAME)";
				SDKROOT = iphoneos;
			};
			name = Debug;
		};
		EB74813D1BCDCD2D00752EE4 /* Release */ = {
			isa = XCBuildConfiguration;
			buildSettings = {
				INFOPLIST_FILE = KataStringCalculatorSwiftUnitTests/Info.plist;
				IPHONEOS_DEPLOYMENT_TARGET = 9.0;
				LD_RUNPATH_SEARCH_PATHS = "$(inherited) @executable_path/Frameworks @loader_path/Frameworks";
				PRODUCT_BUNDLE_IDENTIFIER = com.github.pedrovgs.KataStringCalculatorSwiftUnitTests;
				PRODUCT_NAME = "$(TARGET_NAME)";
				SDKROOT = iphoneos;
				VALIDATE_PRODUCT = YES;
			};
			name = Release;
		};
/* End XCBuildConfiguration section */

/* Begin XCConfigurationList section */
		EB7481131BCDC77D00752EE4 /* Build configuration list for PBXProject "KataStringCalculatorSwift" */ = {
			isa = XCConfigurationList;
			buildConfigurations = (
				EB74811D1BCDC77D00752EE4 /* Debug */,
				EB74811E1BCDC77D00752EE4 /* Release */,
			);
			defaultConfigurationIsVisible = 0;
			defaultConfigurationName = Release;
		};
		EB74811F1BCDC77D00752EE4 /* Build configuration list for PBXNativeTarget "KataStringCalculatorSwift" */ = {
			isa = XCConfigurationList;
			buildConfigurations = (
				EB7481201BCDC77D00752EE4 /* Debug */,
				EB7481211BCDC77D00752EE4 /* Release */,
			);
			defaultConfigurationIsVisible = 0;
			defaultConfigurationName = Release;
		};
		EB74813E1BCDCD2D00752EE4 /* Build configuration list for PBXNativeTarget "KataStringCalculatorSwiftUnitTests" */ = {
			isa = XCConfigurationList;
			buildConfigurations = (
				EB74813C1BCDCD2D00752EE4 /* Debug */,
				EB74813D1BCDCD2D00752EE4 /* Release */,
			);
			defaultConfigurationIsVisible = 0;
			defaultConfigurationName = Release;
		};
/* End XCConfigurationList section */
	};
	rootObject = EB7481101BCDC77D00752EE4 /* Project object */;
}
